// !$*UTF8*$!
{
	archiveVersion = 1;
	classes = {
	};
	objectVersion = 55;
	objects = {

/* Begin PBXBuildFile section */
		4221512C28AE5E2600FDAE44 /* MapView.swift in Sources */ = {isa = PBXBuildFile; fileRef = 4221512B28AE5E2600FDAE44 /* MapView.swift */; };
		4221512E28AE69B200FDAE44 /* landmarkData.json in Resources */ = {isa = PBXBuildFile; fileRef = 4221512D28AE69B200FDAE44 /* landmarkData.json */; };
		4221513028AE6A6A00FDAE44 /* Landmark.swift in Sources */ = {isa = PBXBuildFile; fileRef = 4221512F28AE6A6A00FDAE44 /* Landmark.swift */; };
		4221513228AE6E7F00FDAE44 /* ModelData.swift in Sources */ = {isa = PBXBuildFile; fileRef = 4221513128AE6E7F00FDAE44 /* ModelData.swift */; };
		4221513828AE702F00FDAE44 /* LandmarkRow.swift in Sources */ = {isa = PBXBuildFile; fileRef = 4221513728AE702F00FDAE44 /* LandmarkRow.swift */; };
		4221513A28AE731900FDAE44 /* LandmarkList.swift in Sources */ = {isa = PBXBuildFile; fileRef = 4221513928AE731900FDAE44 /* LandmarkList.swift */; };
		4221513C28AE744200FDAE44 /* LandmarkDetail.swift in Sources */ = {isa = PBXBuildFile; fileRef = 4221513B28AE744200FDAE44 /* LandmarkDetail.swift */; };
		42D1872D28AD240600DD39B8 /* testeSwiftUIApp.swift in Sources */ = {isa = PBXBuildFile; fileRef = 42D1872C28AD240600DD39B8 /* testeSwiftUIApp.swift */; };
		42D1872F28AD240600DD39B8 /* ContentView.swift in Sources */ = {isa = PBXBuildFile; fileRef = 42D1872E28AD240600DD39B8 /* ContentView.swift */; };
		42D1873128AD240800DD39B8 /* Assets.xcassets in Resources */ = {isa = PBXBuildFile; fileRef = 42D1873028AD240800DD39B8 /* Assets.xcassets */; };
		42D1873428AD240800DD39B8 /* Preview Assets.xcassets in Resources */ = {isa = PBXBuildFile; fileRef = 42D1873328AD240800DD39B8 /* Preview Assets.xcassets */; };
		42D1873B28ADBB5400DD39B8 /* ImagemSwiftUIView.swift in Sources */ = {isa = PBXBuildFile; fileRef = 42D1873A28ADBB5400DD39B8 /* ImagemSwiftUIView.swift */; };
/* End PBXBuildFile section */

/* Begin PBXFileReference section */
		4221512B28AE5E2600FDAE44 /* MapView.swift */ = {isa = PBXFileReference; lastKnownFileType = sourcecode.swift; path = MapView.swift; sourceTree = "<group>"; };
		4221512D28AE69B200FDAE44 /* landmarkData.json */ = {isa = PBXFileReference; fileEncoding = 4; lastKnownFileType = text.json; path = landmarkData.json; sourceTree = "<group>"; };
		4221512F28AE6A6A00FDAE44 /* Landmark.swift */ = {isa = PBXFileReference; lastKnownFileType = sourcecode.swift; path = Landmark.swift; sourceTree = "<group>"; };
		4221513128AE6E7F00FDAE44 /* ModelData.swift */ = {isa = PBXFileReference; lastKnownFileType = sourcecode.swift; path = ModelData.swift; sourceTree = "<group>"; };
		4221513728AE702F00FDAE44 /* LandmarkRow.swift */ = {isa = PBXFileReference; lastKnownFileType = sourcecode.swift; path = LandmarkRow.swift; sourceTree = "<group>"; };
		4221513928AE731900FDAE44 /* LandmarkList.swift */ = {isa = PBXFileReference; lastKnownFileType = sourcecode.swift; path = LandmarkList.swift; sourceTree = "<group>"; };
		4221513B28AE744200FDAE44 /* LandmarkDetail.swift */ = {isa = PBXFileReference; lastKnownFileType = sourcecode.swift; path = LandmarkDetail.swift; sourceTree = "<group>"; };
		42D1872928AD240600DD39B8 /* testeSwiftUI.app */ = {isa = PBXFileReference; explicitFileType = wrapper.application; includeInIndex = 0; path = testeSwiftUI.app; sourceTree = BUILT_PRODUCTS_DIR; };
		42D1872C28AD240600DD39B8 /* testeSwiftUIApp.swift */ = {isa = PBXFileReference; lastKnownFileType = sourcecode.swift; path = testeSwiftUIApp.swift; sourceTree = "<group>"; };
		42D1872E28AD240600DD39B8 /* ContentView.swift */ = {isa = PBXFileReference; lastKnownFileType = sourcecode.swift; path = ContentView.swift; sourceTree = "<group>"; usesTabs = 0; };
		42D1873028AD240800DD39B8 /* Assets.xcassets */ = {isa = PBXFileReference; lastKnownFileType = folder.assetcatalog; path = Assets.xcassets; sourceTree = "<group>"; };
		42D1873328AD240800DD39B8 /* Preview Assets.xcassets */ = {isa = PBXFileReference; lastKnownFileType = folder.assetcatalog; path = "Preview Assets.xcassets"; sourceTree = "<group>"; };
		42D1873A28ADBB5400DD39B8 /* ImagemSwiftUIView.swift */ = {isa = PBXFileReference; lastKnownFileType = sourcecode.swift; path = ImagemSwiftUIView.swift; sourceTree = "<group>"; };
/* End PBXFileReference section */

/* Begin PBXFrameworksBuildPhase section */
		42D1872628AD240600DD39B8 /* Frameworks */ = {
			isa = PBXFrameworksBuildPhase;
			buildActionMask = 2147483647;
			files = (
			);
			runOnlyForDeploymentPostprocessing = 0;
		};
/* End PBXFrameworksBuildPhase section */

/* Begin PBXGroup section */
		4221513428AE6F5D00FDAE44 /* Views */ = {
			isa = PBXGroup;
			children = (
				4221512B28AE5E2600FDAE44 /* MapView.swift */,
				42D1873A28ADBB5400DD39B8 /* ImagemSwiftUIView.swift */,
				42D1872E28AD240600DD39B8 /* ContentView.swift */,
				4221513728AE702F00FDAE44 /* LandmarkRow.swift */,
				4221513928AE731900FDAE44 /* LandmarkList.swift */,
				4221513B28AE744200FDAE44 /* LandmarkDetail.swift */,
			);
			path = Views;
			sourceTree = "<group>";
		};
		4221513528AE6F7200FDAE44 /* Model */ = {
			isa = PBXGroup;
			children = (
				4221513128AE6E7F00FDAE44 /* ModelData.swift */,
				4221512F28AE6A6A00FDAE44 /* Landmark.swift */,
				4221513628AE6F8100FDAE44 /* Resources */,
			);
			path = Model;
			sourceTree = "<group>";
		};
		4221513628AE6F8100FDAE44 /* Resources */ = {
			isa = PBXGroup;
			children = (
				4221512D28AE69B200FDAE44 /* landmarkData.json */,
			);
			path = Resources;
			sourceTree = "<group>";
		};
		42D1872028AD240600DD39B8 = {
			isa = PBXGroup;
			children = (
				42D1872B28AD240600DD39B8 /* testeSwiftUI */,
				42D1872A28AD240600DD39B8 /* Products */,
			);
			sourceTree = "<group>";
		};
		42D1872A28AD240600DD39B8 /* Products */ = {
			isa = PBXGroup;
			children = (
				42D1872928AD240600DD39B8 /* testeSwiftUI.app */,
			);
			name = Products;
			sourceTree = "<group>";
		};
		42D1872B28AD240600DD39B8 /* testeSwiftUI */ = {
			isa = PBXGroup;
			children = (
				42D1872C28AD240600DD39B8 /* testeSwiftUIApp.swift */,
				4221513428AE6F5D00FDAE44 /* Views */,
				4221513528AE6F7200FDAE44 /* Model */,
				42D1873028AD240800DD39B8 /* Assets.xcassets */,
				42D1873228AD240800DD39B8 /* Preview Content */,
			);
			path = testeSwiftUI;
			sourceTree = "<group>";
		};
		42D1873228AD240800DD39B8 /* Preview Content */ = {
			isa = PBXGroup;
			children = (
				42D1873328AD240800DD39B8 /* Preview Assets.xcassets */,
			);
			path = "Preview Content";
			sourceTree = "<group>";
		};
/* End PBXGroup section */

/* Begin PBXNativeTarget section */
		42D1872828AD240600DD39B8 /* testeSwiftUI */ = {
			isa = PBXNativeTarget;
			buildConfigurationList = 42D1873728AD240800DD39B8 /* Build configuration list for PBXNativeTarget "testeSwiftUI" */;
			buildPhases = (
				42D1872528AD240600DD39B8 /* Sources */,
				42D1872628AD240600DD39B8 /* Frameworks */,
				42D1872728AD240600DD39B8 /* Resources */,
			);
			buildRules = (
			);
			dependencies = (
			);
			name = testeSwiftUI;
			productName = testeSwiftUI;
			productReference = 42D1872928AD240600DD39B8 /* testeSwiftUI.app */;
			productType = "com.apple.product-type.application";
		};
/* End PBXNativeTarget section */

/* Begin PBXProject section */
		42D1872128AD240600DD39B8 /* Project object */ = {
			isa = PBXProject;
			attributes = {
				BuildIndependentTargetsInParallel = 1;
				LastSwiftUpdateCheck = 1340;
				LastUpgradeCheck = 1340;
				TargetAttributes = {
					42D1872828AD240600DD39B8 = {
						CreatedOnToolsVersion = 13.4.1;
					};
				};
			};
			buildConfigurationList = 42D1872428AD240600DD39B8 /* Build configuration list for PBXProject "testeSwiftUI" */;
			compatibilityVersion = "Xcode 13.0";
			developmentRegion = en;
			hasScannedForEncodings = 0;
			knownRegions = (
				en,
				Base,
			);
			mainGroup = 42D1872028AD240600DD39B8;
			productRefGroup = 42D1872A28AD240600DD39B8 /* Products */;
			projectDirPath = "";
			projectRoot = "";
			targets = (
				42D1872828AD240600DD39B8 /* testeSwiftUI */,
			);
		};
/* End PBXProject section */

/* Begin PBXResourcesBuildPhase section */
		42D1872728AD240600DD39B8 /* Resources */ = {
			isa = PBXResourcesBuildPhase;
			buildActionMask = 2147483647;
			files = (
				42D1873428AD240800DD39B8 /* Preview Assets.xcassets in Resources */,
				42D1873128AD240800DD39B8 /* Assets.xcassets in Resources */,
				4221512E28AE69B200FDAE44 /* landmarkData.json in Resources */,
			);
			runOnlyForDeploymentPostprocessing = 0;
		};
/* End PBXResourcesBuildPhase section */

/* Begin PBXSourcesBuildPhase section */
		42D1872528AD240600DD39B8 /* Sources */ = {
			isa = PBXSourcesBuildPhase;
			buildActionMask = 2147483647;
			files = (
				42D1873B28ADBB5400DD39B8 /* ImagemSwiftUIView.swift in Sources */,
				4221512C28AE5E2600FDAE44 /* MapView.swift in Sources */,
				42D1872F28AD240600DD39B8 /* ContentView.swift in Sources */,
				4221513A28AE731900FDAE44 /* LandmarkList.swift in Sources */,
				4221513C28AE744200FDAE44 /* LandmarkDetail.swift in Sources */,
				42D1872D28AD240600DD39B8 /* testeSwiftUIApp.swift in Sources */,
				4221513028AE6A6A00FDAE44 /* Landmark.swift in Sources */,
				4221513828AE702F00FDAE44 /* LandmarkRow.swift in Sources */,
				4221513228AE6E7F00FDAE44 /* ModelData.swift in Sources */,
			);
			runOnlyForDeploymentPostprocessing = 0;
		};
/* End PBXSourcesBuildPhase section */

/* Begin XCBuildConfiguration section */
		42D1873528AD240800DD39B8 /* Debug */ = {
			isa = XCBuildConfiguration;
			buildSettings = {
				ALWAYS_SEARCH_USER_PATHS = NO;
				CLANG_ANALYZER_NONNULL = YES;
				CLANG_ANALYZER_NUMBER_OBJECT_CONVERSION = YES_AGGRESSIVE;
				CLANG_CXX_LANGUAGE_STANDARD = "gnu++17";
				CLANG_ENABLE_MODULES = YES;
				CLANG_ENABLE_OBJC_ARC = YES;
				CLANG_ENABLE_OBJC_WEAK = YES;
				CLANG_WARN_BLOCK_CAPTURE_AUTORELEASING = YES;
				CLANG_WARN_BOOL_CONVERSION = YES;
				CLANG_WARN_COMMA = YES;
				CLANG_WARN_CONSTANT_CONVERSION = YES;
				CLANG_WARN_DEPRECATED_OBJC_IMPLEMENTATIONS = YES;
				CLANG_WARN_DIRECT_OBJC_ISA_USAGE = YES_ERROR;
				CLANG_WARN_DOCUMENTATION_COMMENTS = YES;
				CLANG_WARN_EMPTY_BODY = YES;
				CLANG_WARN_ENUM_CONVERSION = YES;
				CLANG_WARN_INFINITE_RECURSION = YES;
				CLANG_WARN_INT_CONVERSION = YES;
				CLANG_WARN_NON_LITERAL_NULL_CONVERSION = YES;
				CLANG_WARN_OBJC_IMPLICIT_RETAIN_SELF = YES;
				CLANG_WARN_OBJC_LITERAL_CONVERSION = YES;
				CLANG_WARN_OBJC_ROOT_CLASS = YES_ERROR;
				CLANG_WARN_QUOTED_INCLUDE_IN_FRAMEWORK_HEADER = YES;
				CLANG_WARN_RANGE_LOOP_ANALYSIS = YES;
				CLANG_WARN_STRICT_PROTOTYPES = YES;
				CLANG_WARN_SUSPICIOUS_MOVE = YES;
				CLANG_WARN_UNGUARDED_AVAILABILITY = YES_AGGRESSIVE;
				CLANG_WARN_UNREACHABLE_CODE = YES;
				CLANG_WARN__DUPLICATE_METHOD_MATCH = YES;
				COPY_PHASE_STRIP = NO;
				DEBUG_INFORMATION_FORMAT = dwarf;
				ENABLE_STRICT_OBJC_MSGSEND = YES;
				ENABLE_TESTABILITY = YES;
				GCC_C_LANGUAGE_STANDARD = gnu11;
				GCC_DYNAMIC_NO_PIC = NO;
				GCC_NO_COMMON_BLOCKS = YES;
				GCC_OPTIMIZATION_LEVEL = 0;
				GCC_PREPROCESSOR_DEFINITIONS = (
					"DEBUG=1",
					"$(inherited)",
				);
				GCC_WARN_64_TO_32_BIT_CONVERSION = YES;
				GCC_WARN_ABOUT_RETURN_TYPE = YES_ERROR;
				GCC_WARN_UNDECLARED_SELECTOR = YES;
				GCC_WARN_UNINITIALIZED_AUTOS = YES_AGGRESSIVE;
				GCC_WARN_UNUSED_FUNCTION = YES;
				GCC_WARN_UNUSED_VARIABLE = YES;
				IPHONEOS_DEPLOYMENT_TARGET = 15.5;
				MTL_ENABLE_DEBUG_INFO = INCLUDE_SOURCE;
				MTL_FAST_MATH = YES;
				ONLY_ACTIVE_ARCH = YES;
				SDKROOT = iphoneos;
				SWIFT_ACTIVE_COMPILATION_CONDITIONS = DEBUG;
				SWIFT_OPTIMIZATION_LEVEL = "-Onone";
			};
			name = Debug;
		};
		42D1873628AD240800DD39B8 /* Release */ = {
			isa = XCBuildConfiguration;
			buildSettings = {
				ALWAYS_SEARCH_USER_PATHS = NO;
				CLANG_ANALYZER_NONNULL = YES;
				CLANG_ANALYZER_NUMBER_OBJECT_CONVERSION = YES_AGGRESSIVE;
				CLANG_CXX_LANGUAGE_STANDARD = "gnu++17";
				CLANG_ENABLE_MODULES = YES;
				CLANG_ENABLE_OBJC_ARC = YES;
				CLANG_ENABLE_OBJC_WEAK = YES;
				CLANG_WARN_BLOCK_CAPTURE_AUTORELEASING = YES;
				CLANG_WARN_BOOL_CONVERSION = YES;
				CLANG_WARN_COMMA = YES;
				CLANG_WARN_CONSTANT_CONVERSION = YES;
				CLANG_WARN_DEPRECATED_OBJC_IMPLEMENTATIONS = YES;
				CLANG_WARN_DIRECT_OBJC_ISA_USAGE = YES_ERROR;
				CLANG_WARN_DOCUMENTATION_COMMENTS = YES;
				CLANG_WARN_EMPTY_BODY = YES;
				CLANG_WARN_ENUM_CONVERSION = YES;
				CLANG_WARN_INFINITE_RECURSION = YES;
				CLANG_WARN_INT_CONVERSION = YES;
				CLANG_WARN_NON_LITERAL_NULL_CONVERSION = YES;
				CLANG_WARN_OBJC_IMPLICIT_RETAIN_SELF = YES;
				CLANG_WARN_OBJC_LITERAL_CONVERSION = YES;
				CLANG_WARN_OBJC_ROOT_CLASS = YES_ERROR;
				CLANG_WARN_QUOTED_INCLUDE_IN_FRAMEWORK_HEADER = YES;
				CLANG_WARN_RANGE_LOOP_ANALYSIS = YES;
				CLANG_WARN_STRICT_PROTOTYPES = YES;
				CLANG_WARN_SUSPICIOUS_MOVE = YES;
				CLANG_WARN_UNGUARDED_AVAILABILITY = YES_AGGRESSIVE;
				CLANG_WARN_UNREACHABLE_CODE = YES;
				CLANG_WARN__DUPLICATE_METHOD_MATCH = YES;
				COPY_PHASE_STRIP = NO;
				DEBUG_INFORMATION_FORMAT = "dwarf-with-dsym";
				ENABLE_NS_ASSERTIONS = NO;
				ENABLE_STRICT_OBJC_MSGSEND = YES;
				GCC_C_LANGUAGE_STANDARD = gnu11;
				GCC_NO_COMMON_BLOCKS = YES;
				GCC_WARN_64_TO_32_BIT_CONVERSION = YES;
				GCC_WARN_ABOUT_RETURN_TYPE = YES_ERROR;
				GCC_WARN_UNDECLARED_SELECTOR = YES;
				GCC_WARN_UNINITIALIZED_AUTOS = YES_AGGRESSIVE;
				GCC_WARN_UNUSED_FUNCTION = YES;
				GCC_WARN_UNUSED_VARIABLE = YES;
				IPHONEOS_DEPLOYMENT_TARGET = 15.5;
				MTL_ENABLE_DEBUG_INFO = NO;
				MTL_FAST_MATH = YES;
				SDKROOT = iphoneos;
				SWIFT_COMPILATION_MODE = wholemodule;
				SWIFT_OPTIMIZATION_LEVEL = "-O";
				VALIDATE_PRODUCT = YES;
			};
			name = Release;
		};
		42D1873828AD240800DD39B8 /* Debug */ = {
			isa = XCBuildConfiguration;
			buildSettings = {
				ASSETCATALOG_COMPILER_APPICON_NAME = AppIcon;
				ASSETCATALOG_COMPILER_GLOBAL_ACCENT_COLOR_NAME = AccentColor;
				CODE_SIGN_STYLE = Automatic;
				CURRENT_PROJECT_VERSION = 1;
				DEVELOPMENT_ASSET_PATHS = "\"testeSwiftUI/Preview Content\"";
				DEVELOPMENT_TEAM = 6Z4BLH3CRA;
				ENABLE_PREVIEWS = YES;
				GENERATE_INFOPLIST_FILE = YES;
				INFOPLIST_KEY_UIApplicationSceneManifest_Generation = YES;
				INFOPLIST_KEY_UIApplicationSupportsIndirectInputEvents = YES;
				INFOPLIST_KEY_UILaunchScreen_Generation = YES;
				INFOPLIST_KEY_UISupportedInterfaceOrientations_iPad = "UIInterfaceOrientationPortrait UIInterfaceOrientationPortraitUpsideDown UIInterfaceOrientationLandscapeLeft UIInterfaceOrientationLandscapeRight";
				INFOPLIST_KEY_UISupportedInterfaceOrientations_iPhone = "UIInterfaceOrientationPortrait UIInterfaceOrientationLandscapeLeft UIInterfaceOrientationLandscapeRight";
				LD_RUNPATH_SEARCH_PATHS = (
					"$(inherited)",
					"@executable_path/Frameworks",
				);
				MARKETING_VERSION = 1.0;
				PRODUCT_BUNDLE_IDENTIFIER = gabrielfthomaz.testeSwiftUI;
				PRODUCT_NAME = "$(TARGET_NAME)";
				SWIFT_EMIT_LOC_STRINGS = YES;
				SWIFT_VERSION = 5.0;
				TARGETED_DEVICE_FAMILY = "1,2";
			};
			name = Debug;
		};
		42D1873928AD240800DD39B8 /* Release */ = {
			isa = XCBuildConfiguration;
			buildSettings = {
				ASSETCATALOG_COMPILER_APPICON_NAME = AppIcon;
				ASSETCATALOG_COMPILER_GLOBAL_ACCENT_COLOR_NAME = AccentColor;
				CODE_SIGN_STYLE = Automatic;
				CURRENT_PROJECT_VERSION = 1;
				DEVELOPMENT_ASSET_PATHS = "\"testeSwiftUI/Preview Content\"";
				DEVELOPMENT_TEAM = 6Z4BLH3CRA;
				ENABLE_PREVIEWS = YES;
				GENERATE_INFOPLIST_FILE = YES;
				INFOPLIST_KEY_UIApplicationSceneManifest_Generation = YES;
				INFOPLIST_KEY_UIApplicationSupportsIndirectInputEvents = YES;
				INFOPLIST_KEY_UILaunchScreen_Generation = YES;
				INFOPLIST_KEY_UISupportedInterfaceOrientations_iPad = "UIInterfaceOrientationPortrait UIInterfaceOrientationPortraitUpsideDown UIInterfaceOrientationLandscapeLeft UIInterfaceOrientationLandscapeRight";
				INFOPLIST_KEY_UISupportedInterfaceOrientations_iPhone = "UIInterfaceOrientationPortrait UIInterfaceOrientationLandscapeLeft UIInterfaceOrientationLandscapeRight";
				LD_RUNPATH_SEARCH_PATHS = (
					"$(inherited)",
					"@executable_path/Frameworks",
				);
				MARKETING_VERSION = 1.0;
				PRODUCT_BUNDLE_IDENTIFIER = gabrielfthomaz.testeSwiftUI;
				PRODUCT_NAME = "$(TARGET_NAME)";
				SWIFT_EMIT_LOC_STRINGS = YES;
				SWIFT_VERSION = 5.0;
				TARGETED_DEVICE_FAMILY = "1,2";
			};
			name = Release;
		};
/* End XCBuildConfiguration section */

/* Begin XCConfigurationList section */
		42D1872428AD240600DD39B8 /* Build configuration list for PBXProject "testeSwiftUI" */ = {
			isa = XCConfigurationList;
			buildConfigurations = (
				42D1873528AD240800DD39B8 /* Debug */,
				42D1873628AD240800DD39B8 /* Release */,
			);
			defaultConfigurationIsVisible = 0;
			defaultConfigurationName = Release;
		};
		42D1873728AD240800DD39B8 /* Build configuration list for PBXNativeTarget "testeSwiftUI" */ = {
			isa = XCConfigurationList;
			buildConfigurations = (
				42D1873828AD240800DD39B8 /* Debug */,
				42D1873928AD240800DD39B8 /* Release */,
			);
			defaultConfigurationIsVisible = 0;
			defaultConfigurationName = Release;
		};
/* End XCConfigurationList section */
	};
	rootObject = 42D1872128AD240600DD39B8 /* Project object */;
}
